// !$*UTF8*$!
{
	archiveVersion = 1;
	classes = {
	};
	objectVersion = 56;
	objects = {

/* Begin PBXBuildFile section */
		5A186C002AF61426000C798A /* ToDoListApp.swift in Sources */ = {isa = PBXBuildFile; fileRef = 5A186BFF2AF61426000C798A /* ToDoListApp.swift */; };
		5A186C022AF61426000C798A /* MainView.swift in Sources */ = {isa = PBXBuildFile; fileRef = 5A186C012AF61426000C798A /* MainView.swift */; };
		5A186C042AF61427000C798A /* Assets.xcassets in Resources */ = {isa = PBXBuildFile; fileRef = 5A186C032AF61427000C798A /* Assets.xcassets */; };
		5A186C072AF61427000C798A /* Preview Assets.xcassets in Resources */ = {isa = PBXBuildFile; fileRef = 5A186C062AF61427000C798A /* Preview Assets.xcassets */; };
		5A186C0F2AF61524000C798A /* FirebaseAnalytics in Frameworks */ = {isa = PBXBuildFile; productRef = 5A186C0E2AF61524000C798A /* FirebaseAnalytics */; };
		5A186C112AF61524000C798A /* FirebaseAnalyticsOnDeviceConversion in Frameworks */ = {isa = PBXBuildFile; productRef = 5A186C102AF61524000C798A /* FirebaseAnalyticsOnDeviceConversion */; };
		5A186C132AF61524000C798A /* FirebaseAnalyticsSwift in Frameworks */ = {isa = PBXBuildFile; productRef = 5A186C122AF61524000C798A /* FirebaseAnalyticsSwift */; };
		5A186C152AF61524000C798A /* FirebaseAnalyticsWithoutAdIdSupport in Frameworks */ = {isa = PBXBuildFile; productRef = 5A186C142AF61524000C798A /* FirebaseAnalyticsWithoutAdIdSupport */; };
		5A186C172AF61524000C798A /* FirebaseAppCheck in Frameworks */ = {isa = PBXBuildFile; productRef = 5A186C162AF61524000C798A /* FirebaseAppCheck */; };
		5A186C192AF615AE000C798A /* GoogleService-Info.plist in Resources */ = {isa = PBXBuildFile; fileRef = 5A186C182AF615AE000C798A /* GoogleService-Info.plist */; };
		5A186C242AF61BCB000C798A /* ToDoListItemView.swift in Sources */ = {isa = PBXBuildFile; fileRef = 5A186C232AF61BCB000C798A /* ToDoListItemView.swift */; };
		5A186C262AF61BF9000C798A /* ProfileView.swift in Sources */ = {isa = PBXBuildFile; fileRef = 5A186C252AF61BF9000C798A /* ProfileView.swift */; };
		5A186C282AF61C0E000C798A /* ToDoListView.swift in Sources */ = {isa = PBXBuildFile; fileRef = 5A186C272AF61C0E000C798A /* ToDoListView.swift */; };
		5A186C2A2AF61C31000C798A /* NewItemView.swift in Sources */ = {isa = PBXBuildFile; fileRef = 5A186C292AF61C31000C798A /* NewItemView.swift */; };
		5A186C2C2AF61C40000C798A /* LoginView.swift in Sources */ = {isa = PBXBuildFile; fileRef = 5A186C2B2AF61C40000C798A /* LoginView.swift */; };
		5A186C2E2AF61C57000C798A /* RegisterView.swift in Sources */ = {isa = PBXBuildFile; fileRef = 5A186C2D2AF61C57000C798A /* RegisterView.swift */; };
		5A186C302AF61CA1000C798A /* User.swift in Sources */ = {isa = PBXBuildFile; fileRef = 5A186C2F2AF61CA1000C798A /* User.swift */; };
		5A186C322AF61CB0000C798A /* ToDoListItem.swift in Sources */ = {isa = PBXBuildFile; fileRef = 5A186C312AF61CB0000C798A /* ToDoListItem.swift */; };
		5A186C352AF61CFC000C798A /* MainViewViewModel.swift in Sources */ = {isa = PBXBuildFile; fileRef = 5A186C342AF61CFC000C798A /* MainViewViewModel.swift */; };
		5A186C382AF61D1A000C798A /* ProfileViewViewModel.swift in Sources */ = {isa = PBXBuildFile; fileRef = 5A186C372AF61D1A000C798A /* ProfileViewViewModel.swift */; };
		5A186C3A2AF61D28000C798A /* ToDoListItemViewModel.swift in Sources */ = {isa = PBXBuildFile; fileRef = 5A186C392AF61D28000C798A /* ToDoListItemViewModel.swift */; };
		5A186C3C2AF61D38000C798A /* NewItemViewIvewModel.swift in Sources */ = {isa = PBXBuildFile; fileRef = 5A186C3B2AF61D38000C798A /* NewItemViewIvewModel.swift */; };
		5A186C3E2AF61D46000C798A /* LoginViewViewModel.swift in Sources */ = {isa = PBXBuildFile; fileRef = 5A186C3D2AF61D46000C798A /* LoginViewViewModel.swift */; };
		5A186C402AF61D5A000C798A /* RegisterViewViewViewModel.swift in Sources */ = {isa = PBXBuildFile; fileRef = 5A186C3F2AF61D5A000C798A /* RegisterViewViewViewModel.swift */; };
		5A186C422AF61DAB000C798A /* ToDoListViewViewModel.swift in Sources */ = {isa = PBXBuildFile; fileRef = 5A186C412AF61DAB000C798A /* ToDoListViewViewModel.swift */; };
		5A186C442AF626F7000C798A /* HeaderView.swift in Sources */ = {isa = PBXBuildFile; fileRef = 5A186C432AF626F7000C798A /* HeaderView.swift */; };
		5A5AD64C2AFE0C49005ABE9D /* TLButton.swift in Sources */ = {isa = PBXBuildFile; fileRef = 5A5AD64B2AFE0C49005ABE9D /* TLButton.swift */; };
/* End PBXBuildFile section */

/* Begin PBXFileReference section */
		5A186BFC2AF61426000C798A /* ToDoList.app */ = {isa = PBXFileReference; explicitFileType = wrapper.application; includeInIndex = 0; path = ToDoList.app; sourceTree = BUILT_PRODUCTS_DIR; };
		5A186BFF2AF61426000C798A /* ToDoListApp.swift */ = {isa = PBXFileReference; lastKnownFileType = sourcecode.swift; path = ToDoListApp.swift; sourceTree = "<group>"; };
		5A186C012AF61426000C798A /* MainView.swift */ = {isa = PBXFileReference; lastKnownFileType = sourcecode.swift; path = MainView.swift; sourceTree = "<group>"; };
		5A186C032AF61427000C798A /* Assets.xcassets */ = {isa = PBXFileReference; lastKnownFileType = folder.assetcatalog; path = Assets.xcassets; sourceTree = "<group>"; };
		5A186C062AF61427000C798A /* Preview Assets.xcassets */ = {isa = PBXFileReference; lastKnownFileType = folder.assetcatalog; path = "Preview Assets.xcassets"; sourceTree = "<group>"; };
		5A186C182AF615AE000C798A /* GoogleService-Info.plist */ = {isa = PBXFileReference; fileEncoding = 4; lastKnownFileType = text.plist.xml; path = "GoogleService-Info.plist"; sourceTree = "<group>"; };
		5A186C232AF61BCB000C798A /* ToDoListItemView.swift */ = {isa = PBXFileReference; lastKnownFileType = sourcecode.swift; path = ToDoListItemView.swift; sourceTree = "<group>"; };
		5A186C252AF61BF9000C798A /* ProfileView.swift */ = {isa = PBXFileReference; lastKnownFileType = sourcecode.swift; path = ProfileView.swift; sourceTree = "<group>"; };
		5A186C272AF61C0E000C798A /* ToDoListView.swift */ = {isa = PBXFileReference; lastKnownFileType = sourcecode.swift; path = ToDoListView.swift; sourceTree = "<group>"; };
		5A186C292AF61C31000C798A /* NewItemView.swift */ = {isa = PBXFileReference; lastKnownFileType = sourcecode.swift; path = NewItemView.swift; sourceTree = "<group>"; };
		5A186C2B2AF61C40000C798A /* LoginView.swift */ = {isa = PBXFileReference; lastKnownFileType = sourcecode.swift; path = LoginView.swift; sourceTree = "<group>"; };
		5A186C2D2AF61C57000C798A /* RegisterView.swift */ = {isa = PBXFileReference; lastKnownFileType = sourcecode.swift; path = RegisterView.swift; sourceTree = "<group>"; };
		5A186C2F2AF61CA1000C798A /* User.swift */ = {isa = PBXFileReference; lastKnownFileType = sourcecode.swift; path = User.swift; sourceTree = "<group>"; };
		5A186C312AF61CB0000C798A /* ToDoListItem.swift */ = {isa = PBXFileReference; lastKnownFileType = sourcecode.swift; path = ToDoListItem.swift; sourceTree = "<group>"; };
		5A186C342AF61CFC000C798A /* MainViewViewModel.swift */ = {isa = PBXFileReference; lastKnownFileType = sourcecode.swift; path = MainViewViewModel.swift; sourceTree = "<group>"; };
		5A186C372AF61D1A000C798A /* ProfileViewViewModel.swift */ = {isa = PBXFileReference; lastKnownFileType = sourcecode.swift; path = ProfileViewViewModel.swift; sourceTree = "<group>"; };
		5A186C392AF61D28000C798A /* ToDoListItemViewModel.swift */ = {isa = PBXFileReference; lastKnownFileType = sourcecode.swift; path = ToDoListItemViewModel.swift; sourceTree = "<group>"; };
		5A186C3B2AF61D38000C798A /* NewItemViewIvewModel.swift */ = {isa = PBXFileReference; lastKnownFileType = sourcecode.swift; path = NewItemViewIvewModel.swift; sourceTree = "<group>"; };
		5A186C3D2AF61D46000C798A /* LoginViewViewModel.swift */ = {isa = PBXFileReference; lastKnownFileType = sourcecode.swift; path = LoginViewViewModel.swift; sourceTree = "<group>"; };
		5A186C3F2AF61D5A000C798A /* RegisterViewViewViewModel.swift */ = {isa = PBXFileReference; lastKnownFileType = sourcecode.swift; path = RegisterViewViewViewModel.swift; sourceTree = "<group>"; };
		5A186C412AF61DAB000C798A /* ToDoListViewViewModel.swift */ = {isa = PBXFileReference; lastKnownFileType = sourcecode.swift; path = ToDoListViewViewModel.swift; sourceTree = "<group>"; };
		5A186C432AF626F7000C798A /* HeaderView.swift */ = {isa = PBXFileReference; lastKnownFileType = sourcecode.swift; path = HeaderView.swift; sourceTree = "<group>"; };
		5A5AD64B2AFE0C49005ABE9D /* TLButton.swift */ = {isa = PBXFileReference; lastKnownFileType = sourcecode.swift; path = TLButton.swift; sourceTree = "<group>"; };
/* End PBXFileReference section */

/* Begin PBXFrameworksBuildPhase section */
		5A186BF92AF61426000C798A /* Frameworks */ = {
			isa = PBXFrameworksBuildPhase;
			buildActionMask = 2147483647;
			files = (
				5A186C132AF61524000C798A /* FirebaseAnalyticsSwift in Frameworks */,
				5A186C0F2AF61524000C798A /* FirebaseAnalytics in Frameworks */,
				5A186C112AF61524000C798A /* FirebaseAnalyticsOnDeviceConversion in Frameworks */,
				5A186C172AF61524000C798A /* FirebaseAppCheck in Frameworks */,
				5A186C152AF61524000C798A /* FirebaseAnalyticsWithoutAdIdSupport in Frameworks */,
			);
			runOnlyForDeploymentPostprocessing = 0;
		};
/* End PBXFrameworksBuildPhase section */

/* Begin PBXGroup section */
		5A186BF32AF61426000C798A = {
			isa = PBXGroup;
			children = (
				5A186BFE2AF61426000C798A /* ToDoList */,
				5A186BFD2AF61426000C798A /* Products */,
			);
			sourceTree = "<group>";
		};
		5A186BFD2AF61426000C798A /* Products */ = {
			isa = PBXGroup;
			children = (
				5A186BFC2AF61426000C798A /* ToDoList.app */,
			);
			name = Products;
			sourceTree = "<group>";
		};
		5A186BFE2AF61426000C798A /* ToDoList */ = {
			isa = PBXGroup;
			children = (
				5A186C222AF6198A000C798A /* Other */,
				5A186C212AF6197C000C798A /* Models */,
				5A186C202AF6196B000C798A /* ViewsModels */,
				5A186C1E2AF6194F000C798A /* Views */,
				5A186C052AF61427000C798A /* Preview Content */,
			);
			path = ToDoList;
			sourceTree = "<group>";
		};
		5A186C052AF61427000C798A /* Preview Content */ = {
			isa = PBXGroup;
			children = (
				5A186C062AF61427000C798A /* Preview Assets.xcassets */,
			);
			path = "Preview Content";
			sourceTree = "<group>";
		};
		5A186C1E2AF6194F000C798A /* Views */ = {
			isa = PBXGroup;
			children = (
				5A186C012AF61426000C798A /* MainView.swift */,
				5A186C252AF61BF9000C798A /* ProfileView.swift */,
				5A186C272AF61C0E000C798A /* ToDoListView.swift */,
				5A186C292AF61C31000C798A /* NewItemView.swift */,
				5A186C2B2AF61C40000C798A /* LoginView.swift */,
				5A5AD64B2AFE0C49005ABE9D /* TLButton.swift */,
				5A186C2D2AF61C57000C798A /* RegisterView.swift */,
				5A186C232AF61BCB000C798A /* ToDoListItemView.swift */,
				5A186C432AF626F7000C798A /* HeaderView.swift */,
			);
			path = Views;
			sourceTree = "<group>";
		};
		5A186C202AF6196B000C798A /* ViewsModels */ = {
			isa = PBXGroup;
			children = (
				5A186C342AF61CFC000C798A /* MainViewViewModel.swift */,
				5A186C372AF61D1A000C798A /* ProfileViewViewModel.swift */,
				5A186C392AF61D28000C798A /* ToDoListItemViewModel.swift */,
				5A186C3B2AF61D38000C798A /* NewItemViewIvewModel.swift */,
				5A186C3D2AF61D46000C798A /* LoginViewViewModel.swift */,
				5A186C3F2AF61D5A000C798A /* RegisterViewViewViewModel.swift */,
				5A186C412AF61DAB000C798A /* ToDoListViewViewModel.swift */,
			);
			path = ViewsModels;
			sourceTree = "<group>";
		};
		5A186C212AF6197C000C798A /* Models */ = {
			isa = PBXGroup;
			children = (
				5A186C2F2AF61CA1000C798A /* User.swift */,
				5A186C312AF61CB0000C798A /* ToDoListItem.swift */,
			);
			path = Models;
			sourceTree = "<group>";
		};
		5A186C222AF6198A000C798A /* Other */ = {
			isa = PBXGroup;
			children = (
				5A186C032AF61427000C798A /* Assets.xcassets */,
				5A186BFF2AF61426000C798A /* ToDoListApp.swift */,
				5A186C182AF615AE000C798A /* GoogleService-Info.plist */,
			);
			path = Other;
			sourceTree = "<group>";
		};
/* End PBXGroup section */

/* Begin PBXNativeTarget section */
		5A186BFB2AF61426000C798A /* ToDoList */ = {
			isa = PBXNativeTarget;
			buildConfigurationList = 5A186C0A2AF61427000C798A /* Build configuration list for PBXNativeTarget "ToDoList" */;
			buildPhases = (
				5A186BF82AF61426000C798A /* Sources */,
				5A186BF92AF61426000C798A /* Frameworks */,
				5A186BFA2AF61426000C798A /* Resources */,
			);
			buildRules = (
			);
			dependencies = (
			);
			name = ToDoList;
			packageProductDependencies = (
				5A186C0E2AF61524000C798A /* FirebaseAnalytics */,
				5A186C102AF61524000C798A /* FirebaseAnalyticsOnDeviceConversion */,
				5A186C122AF61524000C798A /* FirebaseAnalyticsSwift */,
				5A186C142AF61524000C798A /* FirebaseAnalyticsWithoutAdIdSupport */,
				5A186C162AF61524000C798A /* FirebaseAppCheck */,
			);
			productName = ToDoList;
			productReference = 5A186BFC2AF61426000C798A /* ToDoList.app */;
			productType = "com.apple.product-type.application";
		};
/* End PBXNativeTarget section */

/* Begin PBXProject section */
		5A186BF42AF61426000C798A /* Project object */ = {
			isa = PBXProject;
			attributes = {
				BuildIndependentTargetsInParallel = 1;
				LastSwiftUpdateCheck = 1500;
				LastUpgradeCheck = 1500;
				TargetAttributes = {
					5A186BFB2AF61426000C798A = {
						CreatedOnToolsVersion = 15.0.1;
					};
				};
			};
			buildConfigurationList = 5A186BF72AF61426000C798A /* Build configuration list for PBXProject "ToDoList" */;
			compatibilityVersion = "Xcode 14.0";
			developmentRegion = en;
			hasScannedForEncodings = 0;
			knownRegions = (
				en,
				Base,
			);
			mainGroup = 5A186BF32AF61426000C798A;
			packageReferences = (
				5A186C0D2AF61523000C798A /* XCRemoteSwiftPackageReference "firebase-ios-sdk" */,
			);
			productRefGroup = 5A186BFD2AF61426000C798A /* Products */;
			projectDirPath = "";
			projectRoot = "";
			targets = (
				5A186BFB2AF61426000C798A /* ToDoList */,
			);
		};
/* End PBXProject section */

/* Begin PBXResourcesBuildPhase section */
		5A186BFA2AF61426000C798A /* Resources */ = {
			isa = PBXResourcesBuildPhase;
			buildActionMask = 2147483647;
			files = (
				5A186C072AF61427000C798A /* Preview Assets.xcassets in Resources */,
				5A186C042AF61427000C798A /* Assets.xcassets in Resources */,
				5A186C192AF615AE000C798A /* GoogleService-Info.plist in Resources */,
			);
			runOnlyForDeploymentPostprocessing = 0;
		};
/* End PBXResourcesBuildPhase section */

/* Begin PBXSourcesBuildPhase section */
		5A186BF82AF61426000C798A /* Sources */ = {
			isa = PBXSourcesBuildPhase;
			buildActionMask = 2147483647;
			files = (
				5A186C3A2AF61D28000C798A /* ToDoListItemViewModel.swift in Sources */,
				5A186C442AF626F7000C798A /* HeaderView.swift in Sources */,
				5A186C402AF61D5A000C798A /* RegisterViewViewViewModel.swift in Sources */,
				5A186C2A2AF61C31000C798A /* NewItemView.swift in Sources */,
				5A186C2C2AF61C40000C798A /* LoginView.swift in Sources */,
				5A186C3C2AF61D38000C798A /* NewItemViewIvewModel.swift in Sources */,
				5A186C352AF61CFC000C798A /* MainViewViewModel.swift in Sources */,
				5A5AD64C2AFE0C49005ABE9D /* TLButton.swift in Sources */,
				5A186C282AF61C0E000C798A /* ToDoListView.swift in Sources */,
				5A186C262AF61BF9000C798A /* ProfileView.swift in Sources */,
				5A186C382AF61D1A000C798A /* ProfileViewViewModel.swift in Sources */,
				5A186C022AF61426000C798A /* MainView.swift in Sources */,
				5A186C302AF61CA1000C798A /* User.swift in Sources */,
				5A186C3E2AF61D46000C798A /* LoginViewViewModel.swift in Sources */,
				5A186C422AF61DAB000C798A /* ToDoListViewViewModel.swift in Sources */,
				5A186C2E2AF61C57000C798A /* RegisterView.swift in Sources */,
				5A186C002AF61426000C798A /* ToDoListApp.swift in Sources */,
				5A186C322AF61CB0000C798A /* ToDoListItem.swift in Sources */,
				5A186C242AF61BCB000C798A /* ToDoListItemView.swift in Sources */,
			);
			runOnlyForDeploymentPostprocessing = 0;
		};
/* End PBXSourcesBuildPhase section */

/* Begin XCBuildConfiguration section */
		5A186C082AF61427000C798A /* Debug */ = {
			isa = XCBuildConfiguration;
			buildSettings = {
				ALWAYS_SEARCH_USER_PATHS = NO;
				ASSETCATALOG_COMPILER_GENERATE_SWIFT_ASSET_SYMBOL_EXTENSIONS = YES;
				CLANG_ANALYZER_NONNULL = YES;
				CLANG_ANALYZER_NUMBER_OBJECT_CONVERSION = YES_AGGRESSIVE;
				CLANG_CXX_LANGUAGE_STANDARD = "gnu++20";
				CLANG_ENABLE_MODULES = YES;
				CLANG_ENABLE_OBJC_ARC = YES;
				CLANG_ENABLE_OBJC_WEAK = YES;
				CLANG_WARN_BLOCK_CAPTURE_AUTORELEASING = YES;
				CLANG_WARN_BOOL_CONVERSION = YES;
				CLANG_WARN_COMMA = YES;
				CLANG_WARN_CONSTANT_CONVERSION = YES;
				CLANG_WARN_DEPRECATED_OBJC_IMPLEMENTATIONS = YES;
				CLANG_WARN_DIRECT_OBJC_ISA_USAGE = YES_ERROR;
				CLANG_WARN_DOCUMENTATION_COMMENTS = YES;
				CLANG_WARN_EMPTY_BODY = YES;
				CLANG_WARN_ENUM_CONVERSION = YES;
				CLANG_WARN_INFINITE_RECURSION = YES;
				CLANG_WARN_INT_CONVERSION = YES;
				CLANG_WARN_NON_LITERAL_NULL_CONVERSION = YES;
				CLANG_WARN_OBJC_IMPLICIT_RETAIN_SELF = YES;
				CLANG_WARN_OBJC_LITERAL_CONVERSION = YES;
				CLANG_WARN_OBJC_ROOT_CLASS = YES_ERROR;
				CLANG_WARN_QUOTED_INCLUDE_IN_FRAMEWORK_HEADER = YES;
				CLANG_WARN_RANGE_LOOP_ANALYSIS = YES;
				CLANG_WARN_STRICT_PROTOTYPES = YES;
				CLANG_WARN_SUSPICIOUS_MOVE = YES;
				CLANG_WARN_UNGUARDED_AVAILABILITY = YES_AGGRESSIVE;
				CLANG_WARN_UNREACHABLE_CODE = YES;
				CLANG_WARN__DUPLICATE_METHOD_MATCH = YES;
				COPY_PHASE_STRIP = NO;
				DEBUG_INFORMATION_FORMAT = dwarf;
				ENABLE_STRICT_OBJC_MSGSEND = YES;
				ENABLE_TESTABILITY = YES;
				ENABLE_USER_SCRIPT_SANDBOXING = YES;
				GCC_C_LANGUAGE_STANDARD = gnu17;
				GCC_DYNAMIC_NO_PIC = NO;
				GCC_NO_COMMON_BLOCKS = YES;
				GCC_OPTIMIZATION_LEVEL = 0;
				GCC_PREPROCESSOR_DEFINITIONS = (
					"DEBUG=1",
					"$(inherited)",
				);
				GCC_WARN_64_TO_32_BIT_CONVERSION = YES;
				GCC_WARN_ABOUT_RETURN_TYPE = YES_ERROR;
				GCC_WARN_UNDECLARED_SELECTOR = YES;
				GCC_WARN_UNINITIALIZED_AUTOS = YES_AGGRESSIVE;
				GCC_WARN_UNUSED_FUNCTION = YES;
				GCC_WARN_UNUSED_VARIABLE = YES;
				IPHONEOS_DEPLOYMENT_TARGET = 17.0;
				LOCALIZATION_PREFERS_STRING_CATALOGS = YES;
				MTL_ENABLE_DEBUG_INFO = INCLUDE_SOURCE;
				MTL_FAST_MATH = YES;
				ONLY_ACTIVE_ARCH = YES;
				SDKROOT = iphoneos;
				SWIFT_ACTIVE_COMPILATION_CONDITIONS = "DEBUG $(inherited)";
				SWIFT_OPTIMIZATION_LEVEL = "-Onone";
			};
			name = Debug;
		};
		5A186C092AF61427000C798A /* Release */ = {
			isa = XCBuildConfiguration;
			buildSettings = {
				ALWAYS_SEARCH_USER_PATHS = NO;
				ASSETCATALOG_COMPILER_GENERATE_SWIFT_ASSET_SYMBOL_EXTENSIONS = YES;
				CLANG_ANALYZER_NONNULL = YES;
				CLANG_ANALYZER_NUMBER_OBJECT_CONVERSION = YES_AGGRESSIVE;
				CLANG_CXX_LANGUAGE_STANDARD = "gnu++20";
				CLANG_ENABLE_MODULES = YES;
				CLANG_ENABLE_OBJC_ARC = YES;
				CLANG_ENABLE_OBJC_WEAK = YES;
				CLANG_WARN_BLOCK_CAPTURE_AUTORELEASING = YES;
				CLANG_WARN_BOOL_CONVERSION = YES;
				CLANG_WARN_COMMA = YES;
				CLANG_WARN_CONSTANT_CONVERSION = YES;
				CLANG_WARN_DEPRECATED_OBJC_IMPLEMENTATIONS = YES;
				CLANG_WARN_DIRECT_OBJC_ISA_USAGE = YES_ERROR;
				CLANG_WARN_DOCUMENTATION_COMMENTS = YES;
				CLANG_WARN_EMPTY_BODY = YES;
				CLANG_WARN_ENUM_CONVERSION = YES;
				CLANG_WARN_INFINITE_RECURSION = YES;
				CLANG_WARN_INT_CONVERSION = YES;
				CLANG_WARN_NON_LITERAL_NULL_CONVERSION = YES;
				CLANG_WARN_OBJC_IMPLICIT_RETAIN_SELF = YES;
				CLANG_WARN_OBJC_LITERAL_CONVERSION = YES;
				CLANG_WARN_OBJC_ROOT_CLASS = YES_ERROR;
				CLANG_WARN_QUOTED_INCLUDE_IN_FRAMEWORK_HEADER = YES;
				CLANG_WARN_RANGE_LOOP_ANALYSIS = YES;
				CLANG_WARN_STRICT_PROTOTYPES = YES;
				CLANG_WARN_SUSPICIOUS_MOVE = YES;
				CLANG_WARN_UNGUARDED_AVAILABILITY = YES_AGGRESSIVE;
				CLANG_WARN_UNREACHABLE_CODE = YES;
				CLANG_WARN__DUPLICATE_METHOD_MATCH = YES;
				COPY_PHASE_STRIP = NO;
				DEBUG_INFORMATION_FORMAT = "dwarf-with-dsym";
				ENABLE_NS_ASSERTIONS = NO;
				ENABLE_STRICT_OBJC_MSGSEND = YES;
				ENABLE_USER_SCRIPT_SANDBOXING = YES;
				GCC_C_LANGUAGE_STANDARD = gnu17;
				GCC_NO_COMMON_BLOCKS = YES;
				GCC_WARN_64_TO_32_BIT_CONVERSION = YES;
				GCC_WARN_ABOUT_RETURN_TYPE = YES_ERROR;
				GCC_WARN_UNDECLARED_SELECTOR = YES;
				GCC_WARN_UNINITIALIZED_AUTOS = YES_AGGRESSIVE;
				GCC_WARN_UNUSED_FUNCTION = YES;
				GCC_WARN_UNUSED_VARIABLE = YES;
				IPHONEOS_DEPLOYMENT_TARGET = 17.0;
				LOCALIZATION_PREFERS_STRING_CATALOGS = YES;
				MTL_ENABLE_DEBUG_INFO = NO;
				MTL_FAST_MATH = YES;
				SDKROOT = iphoneos;
				SWIFT_COMPILATION_MODE = wholemodule;
				VALIDATE_PRODUCT = YES;
			};
			name = Release;
		};
		5A186C0B2AF61427000C798A /* Debug */ = {
			isa = XCBuildConfiguration;
			buildSettings = {
				ASSETCATALOG_COMPILER_APPICON_NAME = AppIcon;
				ASSETCATALOG_COMPILER_GLOBAL_ACCENT_COLOR_NAME = AccentColor;
				CODE_SIGN_STYLE = Automatic;
				CURRENT_PROJECT_VERSION = 1;
				DEVELOPMENT_ASSET_PATHS = "\"ToDoList/Preview Content\"";
				DEVELOPMENT_TEAM = RW3G59KY5H;
				ENABLE_PREVIEWS = YES;
				GENERATE_INFOPLIST_FILE = YES;
				INFOPLIST_KEY_UIApplicationSceneManifest_Generation = YES;
				INFOPLIST_KEY_UIApplicationSupportsIndirectInputEvents = YES;
				INFOPLIST_KEY_UILaunchScreen_Generation = YES;
				INFOPLIST_KEY_UISupportedInterfaceOrientations_iPad = "UIInterfaceOrientationPortrait UIInterfaceOrientationPortraitUpsideDown UIInterfaceOrientationLandscapeLeft UIInterfaceOrientationLandscapeRight";
				INFOPLIST_KEY_UISupportedInterfaceOrientations_iPhone = "UIInterfaceOrientationPortrait UIInterfaceOrientationLandscapeLeft UIInterfaceOrientationLandscapeRight";
				LD_RUNPATH_SEARCH_PATHS = (
					"$(inherited)",
					"@executable_path/Frameworks",
				);
				MARKETING_VERSION = 1.0;
				PRODUCT_BUNDLE_IDENTIFIER = io.minwoo.ToDoList;
				PRODUCT_NAME = "$(TARGET_NAME)";
				SWIFT_EMIT_LOC_STRINGS = YES;
				SWIFT_VERSION = 5.0;
				TARGETED_DEVICE_FAMILY = "1,2";
			};
			name = Debug;
		};
		5A186C0C2AF61427000C798A /* Release */ = {
			isa = XCBuildConfiguration;
			buildSettings = {
				ASSETCATALOG_COMPILER_APPICON_NAME = AppIcon;
				ASSETCATALOG_COMPILER_GLOBAL_ACCENT_COLOR_NAME = AccentColor;
				CODE_SIGN_STYLE = Automatic;
				CURRENT_PROJECT_VERSION = 1;
				DEVELOPMENT_ASSET_PATHS = "\"ToDoList/Preview Content\"";
				DEVELOPMENT_TEAM = RW3G59KY5H;
				ENABLE_PREVIEWS = YES;
				GENERATE_INFOPLIST_FILE = YES;
				INFOPLIST_KEY_UIApplicationSceneManifest_Generation = YES;
				INFOPLIST_KEY_UIApplicationSupportsIndirectInputEvents = YES;
				INFOPLIST_KEY_UILaunchScreen_Generation = YES;
				INFOPLIST_KEY_UISupportedInterfaceOrientations_iPad = "UIInterfaceOrientationPortrait UIInterfaceOrientationPortraitUpsideDown UIInterfaceOrientationLandscapeLeft UIInterfaceOrientationLandscapeRight";
				INFOPLIST_KEY_UISupportedInterfaceOrientations_iPhone = "UIInterfaceOrientationPortrait UIInterfaceOrientationLandscapeLeft UIInterfaceOrientationLandscapeRight";
				LD_RUNPATH_SEARCH_PATHS = (
					"$(inherited)",
					"@executable_path/Frameworks",
				);
				MARKETING_VERSION = 1.0;
				PRODUCT_BUNDLE_IDENTIFIER = io.minwoo.ToDoList;
				PRODUCT_NAME = "$(TARGET_NAME)";
				SWIFT_EMIT_LOC_STRINGS = YES;
				SWIFT_VERSION = 5.0;
				TARGETED_DEVICE_FAMILY = "1,2";
			};
			name = Release;
		};
/* End XCBuildConfiguration section */

/* Begin XCConfigurationList section */
		5A186BF72AF61426000C798A /* Build configuration list for PBXProject "ToDoList" */ = {
			isa = XCConfigurationList;
			buildConfigurations = (
				5A186C082AF61427000C798A /* Debug */,
				5A186C092AF61427000C798A /* Release */,
			);
			defaultConfigurationIsVisible = 0;
			defaultConfigurationName = Release;
		};
		5A186C0A2AF61427000C798A /* Build configuration list for PBXNativeTarget "ToDoList" */ = {
			isa = XCConfigurationList;
			buildConfigurations = (
				5A186C0B2AF61427000C798A /* Debug */,
				5A186C0C2AF61427000C798A /* Release */,
			);
			defaultConfigurationIsVisible = 0;
			defaultConfigurationName = Release;
		};
/* End XCConfigurationList section */

/* Begin XCRemoteSwiftPackageReference section */
		5A186C0D2AF61523000C798A /* XCRemoteSwiftPackageReference "firebase-ios-sdk" */ = {
			isa = XCRemoteSwiftPackageReference;
			repositoryURL = "https://github.com/firebase/firebase-ios-sdk";
			requirement = {
				kind = upToNextMajorVersion;
				minimumVersion = 10.17.0;
			};
		};
/* End XCRemoteSwiftPackageReference section */

/* Begin XCSwiftPackageProductDependency section */
		5A186C0E2AF61524000C798A /* FirebaseAnalytics */ = {
			isa = XCSwiftPackageProductDependency;
			package = 5A186C0D2AF61523000C798A /* XCRemoteSwiftPackageReference "firebase-ios-sdk" */;
			productName = FirebaseAnalytics;
		};
		5A186C102AF61524000C798A /* FirebaseAnalyticsOnDeviceConversion */ = {
			isa = XCSwiftPackageProductDependency;
			package = 5A186C0D2AF61523000C798A /* XCRemoteSwiftPackageReference "firebase-ios-sdk" */;
			productName = FirebaseAnalyticsOnDeviceConversion;
		};
		5A186C122AF61524000C798A /* FirebaseAnalyticsSwift */ = {
			isa = XCSwiftPackageProductDependency;
			package = 5A186C0D2AF61523000C798A /* XCRemoteSwiftPackageReference "firebase-ios-sdk" */;
			productName = FirebaseAnalyticsSwift;
		};
		5A186C142AF61524000C798A /* FirebaseAnalyticsWithoutAdIdSupport */ = {
			isa = XCSwiftPackageProductDependency;
			package = 5A186C0D2AF61523000C798A /* XCRemoteSwiftPackageReference "firebase-ios-sdk" */;
			productName = FirebaseAnalyticsWithoutAdIdSupport;
		};
		5A186C162AF61524000C798A /* FirebaseAppCheck */ = {
			isa = XCSwiftPackageProductDependency;
			package = 5A186C0D2AF61523000C798A /* XCRemoteSwiftPackageReference "firebase-ios-sdk" */;
			productName = FirebaseAppCheck;
		};
/* End XCSwiftPackageProductDependency section */
	};
	rootObject = 5A186BF42AF61426000C798A /* Project object */;
}
